
Microsoft Visual Studio Solution File, Format Version 12.00
# Visual Studio 15
VisualStudioVersion = 15.0.26730.16
MinimumVisualStudioVersion = 10.0.40219.1
Project("{FAE04EC0-301F-11D3-BF4B-00C04F79EFBC}") = "ShoppingCartDemo", "ShoppingCartDemo\ShoppingCartDemo.csproj", "{5A9BC9B7-4487-4B80-99C5-E9ABFC544292}"
EndProject
Project("{FAE04EC0-301F-11D3-BF4B-00C04F79EFBC}") = "ShoppingCartDemo.Tests", "ShoppingCartDemo.Tests\ShoppingCartDemo.Tests.csproj", "{5938E86C-AC0F-4AA0-BD4D-C012AA3B8F41}"
EndProject
Global
	GlobalSection(SolutionConfigurationPlatforms) = preSolution
		Debug|Any CPU = Debug|Any CPU
		Release|Any CPU = Release|Any CPU
	EndGlobalSection
	GlobalSection(ProjectConfigurationPlatforms) = postSolution
		{5A9BC9B7-4487-4B80-99C5-E9ABFC544292}.Debug|Any CPU.ActiveCfg = Debug|Any CPU
		{5A9BC9B7-4487-4B80-99C5-E9ABFC544292}.Debug|Any CPU.Build.0 = Debug|Any CPU
		{5A9BC9B7-4487-4B80-99C5-E9ABFC544292}.Release|Any CPU.ActiveCfg = Release|Any CPU
		{5A9BC9B7-4487-4B80-99C5-E9ABFC544292}.Release|Any CPU.Build.0 = Release|Any CPU
		{5938E86C-AC0F-4AA0-BD4D-C012AA3B8F41}.Debug|Any CPU.ActiveCfg = Debug|Any CPU
		{5938E86C-AC0F-4AA0-BD4D-C012AA3B8F41}.Debug|Any CPU.Build.0 = Debug|Any CPU
		{5938E86C-AC0F-4AA0-BD4D-C012AA3B8F41}.Release|Any CPU.ActiveCfg = Release|Any CPU
		{5938E86C-AC0F-4AA0-BD4D-C012AA3B8F41}.Release|Any CPU.Build.0 = Release|Any CPU
	EndGlobalSection
	GlobalSection(SolutionProperties) = preSolution
		HideSolutionNode = FALSE
	EndGlobalSection
	GlobalSection(ExtensibilityGlobals) = postSolution
		SolutionGuid = {78D848B6-D5F3-45E4-A69F-2B5B87D5B6DD}
	EndGlobalSection
EndGlobal
